
Microsoft Visual Studio Solution File, Format Version 12.00
# Visual Studio 2013
VisualStudioVersion = 12.0.31101.0
MinimumVisualStudioVersion = 10.0.40219.1
Project("{FAE04EC0-301F-11D3-BF4B-00C04F79EFBC}") = "AgilefantTimes", "AgilefantTimes\AgilefantTimes.csproj", "{E4736FF3-D065-4B51-B8D2-D9893EB37310}"
EndProject
Project("{2150E333-8FDC-42A3-9474-1A3956D46DE8}") = "Solution Items", "Solution Items", "{80656A14-71E9-4F44-8111-7000AFA541D4}"
	ProjectSection(SolutionItems) = preProject
		LICENSE = LICENSE
		README.md = README.md
	EndProjectSection
EndProject
Project("{2150E333-8FDC-42A3-9474-1A3956D46DE8}") = "Web", "Web", "{11F4ADCE-3650-406D-879E-AC49672A7A2C}"
	ProjectSection(SolutionItems) = preProject
		GetJson.php = GetJson.php
	EndProjectSection
EndProject
Global
	GlobalSection(SolutionConfigurationPlatforms) = preSolution
		Debug|Any CPU = Debug|Any CPU
		Release|Any CPU = Release|Any CPU
	EndGlobalSection
	GlobalSection(ProjectConfigurationPlatforms) = postSolution
		{E4736FF3-D065-4B51-B8D2-D9893EB37310}.Debug|Any CPU.ActiveCfg = Debug|Any CPU
		{E4736FF3-D065-4B51-B8D2-D9893EB37310}.Debug|Any CPU.Build.0 = Debug|Any CPU
		{E4736FF3-D065-4B51-B8D2-D9893EB37310}.Release|Any CPU.ActiveCfg = Release|Any CPU
		{E4736FF3-D065-4B51-B8D2-D9893EB37310}.Release|Any CPU.Build.0 = Release|Any CPU
	EndGlobalSection
	GlobalSection(SolutionProperties) = preSolution
		HideSolutionNode = FALSE
	EndGlobalSection
	GlobalSection(NestedProjects) = preSolution
		{11F4ADCE-3650-406D-879E-AC49672A7A2C} = {80656A14-71E9-4F44-8111-7000AFA541D4}
	EndGlobalSection
EndGlobal
